
Microsoft Visual Studio Solution File, Format Version 12.00
# Visual Studio Version 17
VisualStudioVersion = 17.3.32819.101
MinimumVisualStudioVersion = 10.0.40219.1
Project("{FAE04EC0-301F-11D3-BF4B-00C04F79EFBC}") = "astroNerds", "astroNerds\astroNerds.csproj", "{7E71E4B9-1B20-4025-99EA-3508B5322347}"
EndProject
Global
	GlobalSection(SolutionConfigurationPlatforms) = preSolution
		Debug|Any CPU = Debug|Any CPU
		Release|Any CPU = Release|Any CPU
	EndGlobalSection
	GlobalSection(ProjectConfigurationPlatforms) = postSolution
		{7E71E4B9-1B20-4025-99EA-3508B5322347}.Debug|Any CPU.ActiveCfg = Debug|Any CPU
		{7E71E4B9-1B20-4025-99EA-3508B5322347}.Debug|Any CPU.Build.0 = Debug|Any CPU
		{7E71E4B9-1B20-4025-99EA-3508B5322347}.Release|Any CPU.ActiveCfg = Release|Any CPU
		{7E71E4B9-1B20-4025-99EA-3508B5322347}.Release|Any CPU.Build.0 = Release|Any CPU
	EndGlobalSection
	GlobalSection(SolutionProperties) = preSolution
		HideSolutionNode = FALSE
	EndGlobalSection
	GlobalSection(ExtensibilityGlobals) = postSolution
		SolutionGuid = {427E8218-5275-4E8D-8B98-03AD7ACE0F71}
	EndGlobalSection
EndGlobal
